// !$*UTF8*$!
{
	archiveVersion = 1;
	classes = {
	};
	objectVersion = 46;
	objects = {

/* Begin PBXBuildFile section */
		1D10BD5B1CB48CD60062EA5B /* AppDelegate.swift in Sources */ = {isa = PBXBuildFile; fileRef = 1D10BD5A1CB48CD60062EA5B /* AppDelegate.swift */; };
		1D10BD5D1CB48CD60062EA5B /* ViewController.swift in Sources */ = {isa = PBXBuildFile; fileRef = 1D10BD5C1CB48CD60062EA5B /* ViewController.swift */; };
		1D10BD601CB48CD60062EA5B /* Main.storyboard in Resources */ = {isa = PBXBuildFile; fileRef = 1D10BD5E1CB48CD60062EA5B /* Main.storyboard */; };
		1D10BD621CB48CD60062EA5B /* Assets.xcassets in Resources */ = {isa = PBXBuildFile; fileRef = 1D10BD611CB48CD60062EA5B /* Assets.xcassets */; };
		1D10BD651CB48CD60062EA5B /* LaunchScreen.storyboard in Resources */ = {isa = PBXBuildFile; fileRef = 1D10BD631CB48CD60062EA5B /* LaunchScreen.storyboard */; };
		1D10BD6D1CB4906A0062EA5B /* character.swift in Sources */ = {isa = PBXBuildFile; fileRef = 1D10BD6C1CB4906A0062EA5B /* character.swift */; };
		1D10BD6F1CB499B90062EA5B /* player.swift in Sources */ = {isa = PBXBuildFile; fileRef = 1D10BD6E1CB499B90062EA5B /* player.swift */; };
		1D10BD711CB49B9A0062EA5B /* Enemy.swift in Sources */ = {isa = PBXBuildFile; fileRef = 1D10BD701CB49B9A0062EA5B /* Enemy.swift */; };
		1D10BD731CB49D0E0062EA5B /* Kimara.swift in Sources */ = {isa = PBXBuildFile; fileRef = 1D10BD721CB49D0E0062EA5B /* Kimara.swift */; };
		1D10BD751CB49E200062EA5B /* DevilWizard.swift in Sources */ = {isa = PBXBuildFile; fileRef = 1D10BD741CB49E200062EA5B /* DevilWizard.swift */; };
/* End PBXBuildFile section */

/* Begin PBXFileReference section */
		1D10BD571CB48CD60062EA5B /* rpg-oop.app */ = {isa = PBXFileReference; explicitFileType = wrapper.application; includeInIndex = 0; path = "rpg-oop.app"; sourceTree = BUILT_PRODUCTS_DIR; };
		1D10BD5A1CB48CD60062EA5B /* AppDelegate.swift */ = {isa = PBXFileReference; lastKnownFileType = sourcecode.swift; path = AppDelegate.swift; sourceTree = "<group>"; };
		1D10BD5C1CB48CD60062EA5B /* ViewController.swift */ = {isa = PBXFileReference; lastKnownFileType = sourcecode.swift; path = ViewController.swift; sourceTree = "<group>"; };
		1D10BD5F1CB48CD60062EA5B /* Base */ = {isa = PBXFileReference; lastKnownFileType = file.storyboard; name = Base; path = Base.lproj/Main.storyboard; sourceTree = "<group>"; };
		1D10BD611CB48CD60062EA5B /* Assets.xcassets */ = {isa = PBXFileReference; lastKnownFileType = folder.assetcatalog; path = Assets.xcassets; sourceTree = "<group>"; };
		1D10BD641CB48CD60062EA5B /* Base */ = {isa = PBXFileReference; lastKnownFileType = file.storyboard; name = Base; path = Base.lproj/LaunchScreen.storyboard; sourceTree = "<group>"; };
		1D10BD661CB48CD60062EA5B /* Info.plist */ = {isa = PBXFileReference; lastKnownFileType = text.plist.xml; path = Info.plist; sourceTree = "<group>"; };
		1D10BD6C1CB4906A0062EA5B /* character.swift */ = {isa = PBXFileReference; fileEncoding = 4; lastKnownFileType = sourcecode.swift; path = character.swift; sourceTree = "<group>"; };
		1D10BD6E1CB499B90062EA5B /* player.swift */ = {isa = PBXFileReference; fileEncoding = 4; lastKnownFileType = sourcecode.swift; path = player.swift; sourceTree = "<group>"; };
		1D10BD701CB49B9A0062EA5B /* Enemy.swift */ = {isa = PBXFileReference; fileEncoding = 4; lastKnownFileType = sourcecode.swift; path = Enemy.swift; sourceTree = "<group>"; };
		1D10BD721CB49D0E0062EA5B /* Kimara.swift */ = {isa = PBXFileReference; fileEncoding = 4; lastKnownFileType = sourcecode.swift; path = Kimara.swift; sourceTree = "<group>"; };
		1D10BD741CB49E200062EA5B /* DevilWizard.swift */ = {isa = PBXFileReference; fileEncoding = 4; lastKnownFileType = sourcecode.swift; path = DevilWizard.swift; sourceTree = "<group>"; };
/* End PBXFileReference section */

/* Begin PBXFrameworksBuildPhase section */
		1D10BD541CB48CD50062EA5B /* Frameworks */ = {
			isa = PBXFrameworksBuildPhase;
			buildActionMask = 2147483647;
			files = (
			);
			runOnlyForDeploymentPostprocessing = 0;
		};
/* End PBXFrameworksBuildPhase section */

/* Begin PBXGroup section */
		1D10BD4E1CB48CD50062EA5B = {
			isa = PBXGroup;
			children = (
				1D10BD591CB48CD60062EA5B /* rpg-oop */,
				1D10BD581CB48CD60062EA5B /* Products */,
			);
			sourceTree = "<group>";
		};
		1D10BD581CB48CD60062EA5B /* Products */ = {
			isa = PBXGroup;
			children = (
				1D10BD571CB48CD60062EA5B /* rpg-oop.app */,
			);
			name = Products;
			sourceTree = "<group>";
		};
		1D10BD591CB48CD60062EA5B /* rpg-oop */ = {
			isa = PBXGroup;
			children = (
				1D10BD5A1CB48CD60062EA5B /* AppDelegate.swift */,
				1D10BD5C1CB48CD60062EA5B /* ViewController.swift */,
				1D10BD5E1CB48CD60062EA5B /* Main.storyboard */,
				1D10BD611CB48CD60062EA5B /* Assets.xcassets */,
				1D10BD631CB48CD60062EA5B /* LaunchScreen.storyboard */,
				1D10BD661CB48CD60062EA5B /* Info.plist */,
				1D10BD6C1CB4906A0062EA5B /* character.swift */,
				1D10BD6E1CB499B90062EA5B /* player.swift */,
				1D10BD701CB49B9A0062EA5B /* Enemy.swift */,
				1D10BD721CB49D0E0062EA5B /* Kimara.swift */,
				1D10BD741CB49E200062EA5B /* DevilWizard.swift */,
			);
			path = "rpg-oop";
			sourceTree = "<group>";
		};
/* End PBXGroup section */

/* Begin PBXNativeTarget section */
		1D10BD561CB48CD50062EA5B /* rpg-oop */ = {
			isa = PBXNativeTarget;
			buildConfigurationList = 1D10BD691CB48CD60062EA5B /* Build configuration list for PBXNativeTarget "rpg-oop" */;
			buildPhases = (
				1D10BD531CB48CD50062EA5B /* Sources */,
				1D10BD541CB48CD50062EA5B /* Frameworks */,
				1D10BD551CB48CD50062EA5B /* Resources */,
			);
			buildRules = (
			);
			dependencies = (
			);
			name = "rpg-oop";
			productName = "rpg-oop";
			productReference = 1D10BD571CB48CD60062EA5B /* rpg-oop.app */;
			productType = "com.apple.product-type.application";
		};
/* End PBXNativeTarget section */

/* Begin PBXProject section */
		1D10BD4F1CB48CD50062EA5B /* Project object */ = {
			isa = PBXProject;
			attributes = {
				LastSwiftUpdateCheck = 0730;
				LastUpgradeCheck = 0730;
				ORGANIZATIONNAME = "William Melvin";
				TargetAttributes = {
					1D10BD561CB48CD50062EA5B = {
						CreatedOnToolsVersion = 7.3;
						DevelopmentTeam = 4G25SBQBX9;
					};
				};
			};
			buildConfigurationList = 1D10BD521CB48CD50062EA5B /* Build configuration list for PBXProject "rpg-oop" */;
			compatibilityVersion = "Xcode 3.2";
			developmentRegion = English;
			hasScannedForEncodings = 0;
			knownRegions = (
				en,
				Base,
			);
			mainGroup = 1D10BD4E1CB48CD50062EA5B;
			productRefGroup = 1D10BD581CB48CD60062EA5B /* Products */;
			projectDirPath = "";
			projectRoot = "";
			targets = (
				1D10BD561CB48CD50062EA5B /* rpg-oop */,
			);
		};
/* End PBXProject section */

/* Begin PBXResourcesBuildPhase section */
		1D10BD551CB48CD50062EA5B /* Resources */ = {
			isa = PBXResourcesBuildPhase;
			buildActionMask = 2147483647;
			files = (
				1D10BD651CB48CD60062EA5B /* LaunchScreen.storyboard in Resources */,
				1D10BD621CB48CD60062EA5B /* Assets.xcassets in Resources */,
				1D10BD601CB48CD60062EA5B /* Main.storyboard in Resources */,
			);
			runOnlyForDeploymentPostprocessing = 0;
		};
/* End PBXResourcesBuildPhase section */

/* Begin PBXSourcesBuildPhase section */
		1D10BD531CB48CD50062EA5B /* Sources */ = {
			isa = PBXSourcesBuildPhase;
			buildActionMask = 2147483647;
			files = (
				1D10BD6F1CB499B90062EA5B /* player.swift in Sources */,
				1D10BD711CB49B9A0062EA5B /* Enemy.swift in Sources */,
				1D10BD751CB49E200062EA5B /* DevilWizard.swift in Sources */,
				1D10BD731CB49D0E0062EA5B /* Kimara.swift in Sources */,
				1D10BD6D1CB4906A0062EA5B /* character.swift in Sources */,
				1D10BD5D1CB48CD60062EA5B /* ViewController.swift in Sources */,
				1D10BD5B1CB48CD60062EA5B /* AppDelegate.swift in Sources */,
			);
			runOnlyForDeploymentPostprocessing = 0;
		};
/* End PBXSourcesBuildPhase section */

/* Begin PBXVariantGroup section */
		1D10BD5E1CB48CD60062EA5B /* Main.storyboard */ = {
			isa = PBXVariantGroup;
			children = (
				1D10BD5F1CB48CD60062EA5B /* Base */,
			);
			name = Main.storyboard;
			sourceTree = "<group>";
		};
		1D10BD631CB48CD60062EA5B /* LaunchScreen.storyboard */ = {
			isa = PBXVariantGroup;
			children = (
				1D10BD641CB48CD60062EA5B /* Base */,
			);
			name = LaunchScreen.storyboard;
			sourceTree = "<group>";
		};
/* End PBXVariantGroup section */

/* Begin XCBuildConfiguration section */
		1D10BD671CB48CD60062EA5B /* Debug */ = {
			isa = XCBuildConfiguration;
			buildSettings = {
				ALWAYS_SEARCH_USER_PATHS = NO;
				CLANG_ANALYZER_NONNULL = YES;
				CLANG_CXX_LANGUAGE_STANDARD = "gnu++0x";
				CLANG_CXX_LIBRARY = "libc++";
				CLANG_ENABLE_MODULES = YES;
				CLANG_ENABLE_OBJC_ARC = YES;
				CLANG_WARN_BOOL_CONVERSION = YES;
				CLANG_WARN_CONSTANT_CONVERSION = YES;
				CLANG_WARN_DIRECT_OBJC_ISA_USAGE = YES_ERROR;
				CLANG_WARN_EMPTY_BODY = YES;
				CLANG_WARN_ENUM_CONVERSION = YES;
				CLANG_WARN_INT_CONVERSION = YES;
				CLANG_WARN_OBJC_ROOT_CLASS = YES_ERROR;
				CLANG_WARN_UNREACHABLE_CODE = YES;
				CLANG_WARN__DUPLICATE_METHOD_MATCH = YES;
				"CODE_SIGN_IDENTITY[sdk=iphoneos*]" = "iPhone Developer";
				COPY_PHASE_STRIP = NO;
				DEBUG_INFORMATION_FORMAT = dwarf;
				ENABLE_STRICT_OBJC_MSGSEND = YES;
				ENABLE_TESTABILITY = YES;
				GCC_C_LANGUAGE_STANDARD = gnu99;
				GCC_DYNAMIC_NO_PIC = NO;
				GCC_NO_COMMON_BLOCKS = YES;
				GCC_OPTIMIZATION_LEVEL = 0;
				GCC_PREPROCESSOR_DEFINITIONS = (
					"DEBUG=1",
					"$(inherited)",
				);
				GCC_WARN_64_TO_32_BIT_CONVERSION = YES;
				GCC_WARN_ABOUT_RETURN_TYPE = YES_ERROR;
				GCC_WARN_UNDECLARED_SELECTOR = YES;
				GCC_WARN_UNINITIALIZED_AUTOS = YES_AGGRESSIVE;
				GCC_WARN_UNUSED_FUNCTION = YES;
				GCC_WARN_UNUSED_VARIABLE = YES;
				IPHONEOS_DEPLOYMENT_TARGET = 9.3;
				MTL_ENABLE_DEBUG_INFO = YES;
				ONLY_ACTIVE_ARCH = YES;
				SDKROOT = iphoneos;
				SWIFT_OPTIMIZATION_LEVEL = "-Onone";
				TARGETED_DEVICE_FAMILY = "1,2";
			};
			name = Debug;
		};
		1D10BD681CB48CD60062EA5B /* Release */ = {
			isa = XCBuildConfiguration;
			buildSettings = {
				ALWAYS_SEARCH_USER_PATHS = NO;
				CLANG_ANALYZER_NONNULL = YES;
				CLANG_CXX_LANGUAGE_STANDARD = "gnu++0x";
				CLANG_CXX_LIBRARY = "libc++";
				CLANG_ENABLE_MODULES = YES;
				CLANG_ENABLE_OBJC_ARC = YES;
				CLANG_WARN_BOOL_CONVERSION = YES;
				CLANG_WARN_CONSTANT_CONVERSION = YES;
				CLANG_WARN_DIRECT_OBJC_ISA_USAGE = YES_ERROR;
				CLANG_WARN_EMPTY_BODY = YES;
				CLANG_WARN_ENUM_CONVERSION = YES;
				CLANG_WARN_INT_CONVERSION = YES;
				CLANG_WARN_OBJC_ROOT_CLASS = YES_ERROR;
				CLANG_WARN_UNREACHABLE_CODE = YES;
				CLANG_WARN__DUPLICATE_METHOD_MATCH = YES;
				"CODE_SIGN_IDENTITY[sdk=iphoneos*]" = "iPhone Developer";
				COPY_PHASE_STRIP = NO;
				DEBUG_INFORMATION_FORMAT = "dwarf-with-dsym";
				ENABLE_NS_ASSERTIONS = NO;
				ENABLE_STRICT_OBJC_MSGSEND = YES;
				GCC_C_LANGUAGE_STANDARD = gnu99;
				GCC_NO_COMMON_BLOCKS = YES;
				GCC_WARN_64_TO_32_BIT_CONVERSION = YES;
				GCC_WARN_ABOUT_RETURN_TYPE = YES_ERROR;
				GCC_WARN_UNDECLARED_SELECTOR = YES;
				GCC_WARN_UNINITIALIZED_AUTOS = YES_AGGRESSIVE;
				GCC_WARN_UNUSED_FUNCTION = YES;
				GCC_WARN_UNUSED_VARIABLE = YES;
				IPHONEOS_DEPLOYMENT_TARGET = 9.3;
				MTL_ENABLE_DEBUG_INFO = NO;
				SDKROOT = iphoneos;
				TARGETED_DEVICE_FAMILY = "1,2";
				VALIDATE_PRODUCT = YES;
			};
			name = Release;
		};
		1D10BD6A1CB48CD60062EA5B /* Debug */ = {
			isa = XCBuildConfiguration;
			buildSettings = {
				ASSETCATALOG_COMPILER_APPICON_NAME = AppIcon;
				INFOPLIST_FILE = "rpg-oop/Info.plist";
				LD_RUNPATH_SEARCH_PATHS = "$(inherited) @executable_path/Frameworks";
				PRODUCT_BUNDLE_IDENTIFIER = "com.williammelvin.rpg-oop";
				PRODUCT_NAME = "$(TARGET_NAME)";
			};
			name = Debug;
		};
		1D10BD6B1CB48CD60062EA5B /* Release */ = {
			isa = XCBuildConfiguration;
			buildSettings = {
				ASSETCATALOG_COMPILER_APPICON_NAME = AppIcon;
				INFOPLIST_FILE = "rpg-oop/Info.plist";
				LD_RUNPATH_SEARCH_PATHS = "$(inherited) @executable_path/Frameworks";
				PRODUCT_BUNDLE_IDENTIFIER = "com.williammelvin.rpg-oop";
				PRODUCT_NAME = "$(TARGET_NAME)";
			};
			name = Release;
		};
/* End XCBuildConfiguration section */

/* Begin XCConfigurationList section */
		1D10BD521CB48CD50062EA5B /* Build configuration list for PBXProject "rpg-oop" */ = {
			isa = XCConfigurationList;
			buildConfigurations = (
				1D10BD671CB48CD60062EA5B /* Debug */,
				1D10BD681CB48CD60062EA5B /* Release */,
			);
			defaultConfigurationIsVisible = 0;
			defaultConfigurationName = Release;
		};
		1D10BD691CB48CD60062EA5B /* Build configuration list for PBXNativeTarget "rpg-oop" */ = {
			isa = XCConfigurationList;
			buildConfigurations = (
				1D10BD6A1CB48CD60062EA5B /* Debug */,
				1D10BD6B1CB48CD60062EA5B /* Release */,
			);
			defaultConfigurationIsVisible = 0;
		};
/* End XCConfigurationList section */
	};
	rootObject = 1D10BD4F1CB48CD50062EA5B /* Project object */;
}
